# This file is automatically @generated by Cargo.
# It is not intended for manual editing.
version = 4

[[package]]
name = "use-accessibility"
version = "0.0.1"
dependencies = [
 "use-accessibility-check",
 "use-accessibility-score",
 "use-accessible-label",
 "use-contrast",
 "use-focus-order",
 "use-motion-preference",
 "use-readable-text",
 "use-touch-target",
]

[[package]]
name = "use-accessibility-check"
version = "0.0.1"

[[package]]
name = "use-accessibility-score"
version = "0.0.1"

[[package]]
name = "use-accessible-label"
version = "0.0.1"

[[package]]
name = "use-contrast"
version = "0.0.1"

[[package]]
name = "use-focus-order"
version = "0.0.1"

[[package]]
name = "use-motion-preference"
version = "0.0.1"

[[package]]
name = "use-readable-text"
version = "0.0.1"

[[package]]
name = "use-touch-target"
version = "0.0.1"
